// !$*UTF8*$!
{
	archiveVersion = 1;
	classes = {
	};
	objectVersion = 56;
	objects = {

/* Begin PBXBuildFile section */
		D009F06229B0D5DC00D6CC1D /* WeatherView.swift in Sources */ = {isa = PBXBuildFile; fileRef = D009F06129B0D5DC00D6CC1D /* WeatherView.swift */; };
		D009F06529B0D74800D6CC1D /* GetSeoulWeatherInfoRepository.swift in Sources */ = {isa = PBXBuildFile; fileRef = D009F06429B0D74800D6CC1D /* GetSeoulWeatherInfoRepository.swift */; };
		D009F06729B0D94A00D6CC1D /* APIRequest.swift in Sources */ = {isa = PBXBuildFile; fileRef = D009F06629B0D94A00D6CC1D /* APIRequest.swift */; };
		D009F06B29B0D9A500D6CC1D /* ResponseEntityProtocol.swift in Sources */ = {isa = PBXBuildFile; fileRef = D009F06A29B0D9A500D6CC1D /* ResponseEntityProtocol.swift */; };
		D009F06F29B0DAB400D6CC1D /* WeatherResponseEntity.swift in Sources */ = {isa = PBXBuildFile; fileRef = D009F06E29B0DAB400D6CC1D /* WeatherResponseEntity.swift */; };
		D009F07629B0DF7400D6CC1D /* GetSeoulWeatherInfoRepositoryProtocol.swift in Sources */ = {isa = PBXBuildFile; fileRef = D009F07529B0DF7400D6CC1D /* GetSeoulWeatherInfoRepositoryProtocol.swift */; };
		D009F07829B0DFBA00D6CC1D /* GetSeoulWeatherInfoUseCase.swift in Sources */ = {isa = PBXBuildFile; fileRef = D009F07729B0DFBA00D6CC1D /* GetSeoulWeatherInfoUseCase.swift */; };
		D009F07A29B0E00F00D6CC1D /* WeatherViewModel.swift in Sources */ = {isa = PBXBuildFile; fileRef = D009F07929B0E00F00D6CC1D /* WeatherViewModel.swift */; };
		D0A82B92298E5DD000D89D21 /* LoginViewModel.swift in Sources */ = {isa = PBXBuildFile; fileRef = D0A82B91298E5DD000D89D21 /* LoginViewModel.swift */; };
		D0C7A21C298E54840031D2D3 /* WeatherRecorderApp.swift in Sources */ = {isa = PBXBuildFile; fileRef = D0C7A21B298E54840031D2D3 /* WeatherRecorderApp.swift */; };
		D0C7A21E298E54840031D2D3 /* ContentView.swift in Sources */ = {isa = PBXBuildFile; fileRef = D0C7A21D298E54840031D2D3 /* ContentView.swift */; };
		D0C7A220298E54860031D2D3 /* Assets.xcassets in Resources */ = {isa = PBXBuildFile; fileRef = D0C7A21F298E54860031D2D3 /* Assets.xcassets */; };
		D0C7A223298E54860031D2D3 /* Preview Assets.xcassets in Resources */ = {isa = PBXBuildFile; fileRef = D0C7A222298E54860031D2D3 /* Preview Assets.xcassets */; };
		D0C7A22D298E54860031D2D3 /* WeatherRecorderTests.swift in Sources */ = {isa = PBXBuildFile; fileRef = D0C7A22C298E54860031D2D3 /* WeatherRecorderTests.swift */; };
		D0C7A237298E54860031D2D3 /* WeatherRecorderUITests.swift in Sources */ = {isa = PBXBuildFile; fileRef = D0C7A236298E54860031D2D3 /* WeatherRecorderUITests.swift */; };
		D0C7A239298E54860031D2D3 /* WeatherRecorderUITestsLaunchTests.swift in Sources */ = {isa = PBXBuildFile; fileRef = D0C7A238298E54860031D2D3 /* WeatherRecorderUITestsLaunchTests.swift */; };
		D0C7A249298E57DB0031D2D3 /* LoginView.swift in Sources */ = {isa = PBXBuildFile; fileRef = D0C7A248298E57DB0031D2D3 /* LoginView.swift */; };
		D0C7A24D298E58980031D2D3 /* IconView.swift in Sources */ = {isa = PBXBuildFile; fileRef = D0C7A24C298E58980031D2D3 /* IconView.swift */; };
/* End PBXBuildFile section */

/* Begin PBXContainerItemProxy section */
		D0C7A229298E54860031D2D3 /* PBXContainerItemProxy */ = {
			isa = PBXContainerItemProxy;
			containerPortal = D0C7A210298E54840031D2D3 /* Project object */;
			proxyType = 1;
			remoteGlobalIDString = D0C7A217298E54840031D2D3;
			remoteInfo = WeatherRecorder;
		};
		D0C7A233298E54860031D2D3 /* PBXContainerItemProxy */ = {
			isa = PBXContainerItemProxy;
			containerPortal = D0C7A210298E54840031D2D3 /* Project object */;
			proxyType = 1;
			remoteGlobalIDString = D0C7A217298E54840031D2D3;
			remoteInfo = WeatherRecorder;
		};
/* End PBXContainerItemProxy section */

/* Begin PBXFileReference section */
		D009F06129B0D5DC00D6CC1D /* WeatherView.swift */ = {isa = PBXFileReference; lastKnownFileType = sourcecode.swift; path = WeatherView.swift; sourceTree = "<group>"; };
		D009F06429B0D74800D6CC1D /* GetSeoulWeatherInfoRepository.swift */ = {isa = PBXFileReference; lastKnownFileType = sourcecode.swift; path = GetSeoulWeatherInfoRepository.swift; sourceTree = "<group>"; };
		D009F06629B0D94A00D6CC1D /* APIRequest.swift */ = {isa = PBXFileReference; lastKnownFileType = sourcecode.swift; path = APIRequest.swift; sourceTree = "<group>"; };
		D009F06A29B0D9A500D6CC1D /* ResponseEntityProtocol.swift */ = {isa = PBXFileReference; lastKnownFileType = sourcecode.swift; path = ResponseEntityProtocol.swift; sourceTree = "<group>"; };
		D009F06E29B0DAB400D6CC1D /* WeatherResponseEntity.swift */ = {isa = PBXFileReference; lastKnownFileType = sourcecode.swift; path = WeatherResponseEntity.swift; sourceTree = "<group>"; };
		D009F07529B0DF7400D6CC1D /* GetSeoulWeatherInfoRepositoryProtocol.swift */ = {isa = PBXFileReference; lastKnownFileType = sourcecode.swift; path = GetSeoulWeatherInfoRepositoryProtocol.swift; sourceTree = "<group>"; };
		D009F07729B0DFBA00D6CC1D /* GetSeoulWeatherInfoUseCase.swift */ = {isa = PBXFileReference; lastKnownFileType = sourcecode.swift; path = GetSeoulWeatherInfoUseCase.swift; sourceTree = "<group>"; };
		D009F07929B0E00F00D6CC1D /* WeatherViewModel.swift */ = {isa = PBXFileReference; lastKnownFileType = sourcecode.swift; path = WeatherViewModel.swift; sourceTree = "<group>"; };
		D0A82B91298E5DD000D89D21 /* LoginViewModel.swift */ = {isa = PBXFileReference; lastKnownFileType = sourcecode.swift; path = LoginViewModel.swift; sourceTree = "<group>"; };
		D0C7A218298E54840031D2D3 /* WeatherRecorder.app */ = {isa = PBXFileReference; explicitFileType = wrapper.application; includeInIndex = 0; path = WeatherRecorder.app; sourceTree = BUILT_PRODUCTS_DIR; };
		D0C7A21B298E54840031D2D3 /* WeatherRecorderApp.swift */ = {isa = PBXFileReference; lastKnownFileType = sourcecode.swift; path = WeatherRecorderApp.swift; sourceTree = "<group>"; };
		D0C7A21D298E54840031D2D3 /* ContentView.swift */ = {isa = PBXFileReference; lastKnownFileType = sourcecode.swift; path = ContentView.swift; sourceTree = "<group>"; };
		D0C7A21F298E54860031D2D3 /* Assets.xcassets */ = {isa = PBXFileReference; lastKnownFileType = folder.assetcatalog; path = Assets.xcassets; sourceTree = "<group>"; };
		D0C7A222298E54860031D2D3 /* Preview Assets.xcassets */ = {isa = PBXFileReference; lastKnownFileType = folder.assetcatalog; path = "Preview Assets.xcassets"; sourceTree = "<group>"; };
		D0C7A228298E54860031D2D3 /* WeatherRecorderTests.xctest */ = {isa = PBXFileReference; explicitFileType = wrapper.cfbundle; includeInIndex = 0; path = WeatherRecorderTests.xctest; sourceTree = BUILT_PRODUCTS_DIR; };
		D0C7A22C298E54860031D2D3 /* WeatherRecorderTests.swift */ = {isa = PBXFileReference; lastKnownFileType = sourcecode.swift; path = WeatherRecorderTests.swift; sourceTree = "<group>"; };
		D0C7A232298E54860031D2D3 /* WeatherRecorderUITests.xctest */ = {isa = PBXFileReference; explicitFileType = wrapper.cfbundle; includeInIndex = 0; path = WeatherRecorderUITests.xctest; sourceTree = BUILT_PRODUCTS_DIR; };
		D0C7A236298E54860031D2D3 /* WeatherRecorderUITests.swift */ = {isa = PBXFileReference; lastKnownFileType = sourcecode.swift; path = WeatherRecorderUITests.swift; sourceTree = "<group>"; };
		D0C7A238298E54860031D2D3 /* WeatherRecorderUITestsLaunchTests.swift */ = {isa = PBXFileReference; lastKnownFileType = sourcecode.swift; path = WeatherRecorderUITestsLaunchTests.swift; sourceTree = "<group>"; };
		D0C7A248298E57DB0031D2D3 /* LoginView.swift */ = {isa = PBXFileReference; lastKnownFileType = sourcecode.swift; path = LoginView.swift; sourceTree = "<group>"; };
		D0C7A24C298E58980031D2D3 /* IconView.swift */ = {isa = PBXFileReference; lastKnownFileType = sourcecode.swift; path = IconView.swift; sourceTree = "<group>"; };
/* End PBXFileReference section */

/* Begin PBXFrameworksBuildPhase section */
		D0C7A215298E54840031D2D3 /* Frameworks */ = {
			isa = PBXFrameworksBuildPhase;
			buildActionMask = 2147483647;
			files = (
			);
			runOnlyForDeploymentPostprocessing = 0;
		};
		D0C7A225298E54860031D2D3 /* Frameworks */ = {
			isa = PBXFrameworksBuildPhase;
			buildActionMask = 2147483647;
			files = (
			);
			runOnlyForDeploymentPostprocessing = 0;
		};
		D0C7A22F298E54860031D2D3 /* Frameworks */ = {
			isa = PBXFrameworksBuildPhase;
			buildActionMask = 2147483647;
			files = (
			);
			runOnlyForDeploymentPostprocessing = 0;
		};
/* End PBXFrameworksBuildPhase section */

/* Begin PBXGroup section */
		D009F06329B0D72E00D6CC1D /* Repository */ = {
			isa = PBXGroup;
			children = (
				D009F06429B0D74800D6CC1D /* GetSeoulWeatherInfoRepository.swift */,
			);
			path = Repository;
			sourceTree = "<group>";
		};
		D009F06829B0D98C00D6CC1D /* ResponseEntities */ = {
			isa = PBXGroup;
			children = (
				D009F06929B0D99C00D6CC1D /* Protocol */,
				D009F06E29B0DAB400D6CC1D /* WeatherResponseEntity.swift */,
			);
			path = ResponseEntities;
			sourceTree = "<group>";
		};
		D009F06929B0D99C00D6CC1D /* Protocol */ = {
			isa = PBXGroup;
			children = (
				D009F06A29B0D9A500D6CC1D /* ResponseEntityProtocol.swift */,
			);
			path = Protocol;
			sourceTree = "<group>";
		};
		D009F06C29B0DAA100D6CC1D /* GetWeather */ = {
			isa = PBXGroup;
			children = (
				D009F06D29B0DAAC00D6CC1D /* Models */,
			);
			path = GetWeather;
			sourceTree = "<group>";
		};
		D009F06D29B0DAAC00D6CC1D /* Models */ = {
			isa = PBXGroup;
			children = (
			);
			path = Models;
			sourceTree = "<group>";
		};
		D009F07229B0DF5500D6CC1D /* UseCase */ = {
			isa = PBXGroup;
			children = (
				D009F07729B0DFBA00D6CC1D /* GetSeoulWeatherInfoUseCase.swift */,
			);
			path = UseCase;
			sourceTree = "<group>";
		};
		D009F07329B0DF5900D6CC1D /* Repository */ = {
			isa = PBXGroup;
			children = (
				D009F07529B0DF7400D6CC1D /* GetSeoulWeatherInfoRepositoryProtocol.swift */,
			);
			path = Repository;
			sourceTree = "<group>";
		};
		D0A82B8F298E5DBD00D89D21 /* Atom */ = {
			isa = PBXGroup;
			children = (
				D0C7A24C298E58980031D2D3 /* IconView.swift */,
			);
			path = Atom;
			sourceTree = "<group>";
		};
		D0A82B90298E5DC400D89D21 /* ViewModel */ = {
			isa = PBXGroup;
			children = (
				D0A82B91298E5DD000D89D21 /* LoginViewModel.swift */,
				D009F07929B0E00F00D6CC1D /* WeatherViewModel.swift */,
			);
			path = ViewModel;
			sourceTree = "<group>";
		};
		D0C7A20F298E54840031D2D3 = {
			isa = PBXGroup;
			children = (
				D0C7A21A298E54840031D2D3 /* WeatherRecorder */,
				D0C7A22B298E54860031D2D3 /* WeatherRecorderTests */,
				D0C7A235298E54860031D2D3 /* WeatherRecorderUITests */,
				D0C7A219298E54840031D2D3 /* Products */,
			);
			sourceTree = "<group>";
		};
		D0C7A219298E54840031D2D3 /* Products */ = {
			isa = PBXGroup;
			children = (
				D0C7A218298E54840031D2D3 /* WeatherRecorder.app */,
				D0C7A228298E54860031D2D3 /* WeatherRecorderTests.xctest */,
				D0C7A232298E54860031D2D3 /* WeatherRecorderUITests.xctest */,
			);
			name = Products;
			sourceTree = "<group>";
		};
		D0C7A21A298E54840031D2D3 /* WeatherRecorder */ = {
			isa = PBXGroup;
			children = (
				D0C7A247298E57D30031D2D3 /* Data */,
				D0C7A246298E57D00031D2D3 /* Domain */,
				D0C7A245298E57CB0031D2D3 /* Presentation */,
				D0C7A21B298E54840031D2D3 /* WeatherRecorderApp.swift */,
				D0C7A21D298E54840031D2D3 /* ContentView.swift */,
				D0C7A21F298E54860031D2D3 /* Assets.xcassets */,
				D0C7A221298E54860031D2D3 /* Preview Content */,
			);
			path = WeatherRecorder;
			sourceTree = "<group>";
		};
		D0C7A221298E54860031D2D3 /* Preview Content */ = {
			isa = PBXGroup;
			children = (
				D0C7A222298E54860031D2D3 /* Preview Assets.xcassets */,
			);
			path = "Preview Content";
			sourceTree = "<group>";
		};
		D0C7A22B298E54860031D2D3 /* WeatherRecorderTests */ = {
			isa = PBXGroup;
			children = (
				D0C7A22C298E54860031D2D3 /* WeatherRecorderTests.swift */,
			);
			path = WeatherRecorderTests;
			sourceTree = "<group>";
		};
		D0C7A235298E54860031D2D3 /* WeatherRecorderUITests */ = {
			isa = PBXGroup;
			children = (
				D0C7A236298E54860031D2D3 /* WeatherRecorderUITests.swift */,
				D0C7A238298E54860031D2D3 /* WeatherRecorderUITestsLaunchTests.swift */,
			);
			path = WeatherRecorderUITests;
			sourceTree = "<group>";
		};
		D0C7A245298E57CB0031D2D3 /* Presentation */ = {
			isa = PBXGroup;
			children = (
				D0A82B90298E5DC400D89D21 /* ViewModel */,
				D0C7A24B298E58850031D2D3 /* Page */,
				D0C7A24A298E58820031D2D3 /* Atoms */,
			);
			path = Presentation;
			sourceTree = "<group>";
		};
		D0C7A246298E57D00031D2D3 /* Domain */ = {
			isa = PBXGroup;
			children = (
				D009F07329B0DF5900D6CC1D /* Repository */,
				D009F07229B0DF5500D6CC1D /* UseCase */,
				D009F06C29B0DAA100D6CC1D /* GetWeather */,
			);
			path = Domain;
			sourceTree = "<group>";
		};
		D0C7A247298E57D30031D2D3 /* Data */ = {
			isa = PBXGroup;
			children = (
				D009F06329B0D72E00D6CC1D /* Repository */,
				D009F06829B0D98C00D6CC1D /* ResponseEntities */,
				D009F06629B0D94A00D6CC1D /* APIRequest.swift */,
			);
			path = Data;
			sourceTree = "<group>";
		};
		D0C7A24A298E58820031D2D3 /* Atoms */ = {
			isa = PBXGroup;
			children = (
				D0A82B8F298E5DBD00D89D21 /* Atom */,
			);
			path = Atoms;
			sourceTree = "<group>";
		};
		D0C7A24B298E58850031D2D3 /* Page */ = {
			isa = PBXGroup;
			children = (
				D0C7A248298E57DB0031D2D3 /* LoginView.swift */,
				D009F06129B0D5DC00D6CC1D /* WeatherView.swift */,
			);
			path = Page;
			sourceTree = "<group>";
		};
/* End PBXGroup section */

/* Begin PBXNativeTarget section */
		D0C7A217298E54840031D2D3 /* WeatherRecorder */ = {
			isa = PBXNativeTarget;
			buildConfigurationList = D0C7A23C298E54860031D2D3 /* Build configuration list for PBXNativeTarget "WeatherRecorder" */;
			buildPhases = (
				D0C7A214298E54840031D2D3 /* Sources */,
				D0C7A215298E54840031D2D3 /* Frameworks */,
				D0C7A216298E54840031D2D3 /* Resources */,
			);
			buildRules = (
			);
			dependencies = (
			);
			name = WeatherRecorder;
			productName = WeatherRecorder;
			productReference = D0C7A218298E54840031D2D3 /* WeatherRecorder.app */;
			productType = "com.apple.product-type.application";
		};
		D0C7A227298E54860031D2D3 /* WeatherRecorderTests */ = {
			isa = PBXNativeTarget;
			buildConfigurationList = D0C7A23F298E54860031D2D3 /* Build configuration list for PBXNativeTarget "WeatherRecorderTests" */;
			buildPhases = (
				D0C7A224298E54860031D2D3 /* Sources */,
				D0C7A225298E54860031D2D3 /* Frameworks */,
				D0C7A226298E54860031D2D3 /* Resources */,
			);
			buildRules = (
			);
			dependencies = (
				D0C7A22A298E54860031D2D3 /* PBXTargetDependency */,
			);
			name = WeatherRecorderTests;
			productName = WeatherRecorderTests;
			productReference = D0C7A228298E54860031D2D3 /* WeatherRecorderTests.xctest */;
			productType = "com.apple.product-type.bundle.unit-test";
		};
		D0C7A231298E54860031D2D3 /* WeatherRecorderUITests */ = {
			isa = PBXNativeTarget;
			buildConfigurationList = D0C7A242298E54860031D2D3 /* Build configuration list for PBXNativeTarget "WeatherRecorderUITests" */;
			buildPhases = (
				D0C7A22E298E54860031D2D3 /* Sources */,
				D0C7A22F298E54860031D2D3 /* Frameworks */,
				D0C7A230298E54860031D2D3 /* Resources */,
			);
			buildRules = (
			);
			dependencies = (
				D0C7A234298E54860031D2D3 /* PBXTargetDependency */,
			);
			name = WeatherRecorderUITests;
			productName = WeatherRecorderUITests;
			productReference = D0C7A232298E54860031D2D3 /* WeatherRecorderUITests.xctest */;
			productType = "com.apple.product-type.bundle.ui-testing";
		};
/* End PBXNativeTarget section */

/* Begin PBXProject section */
		D0C7A210298E54840031D2D3 /* Project object */ = {
			isa = PBXProject;
			attributes = {
				BuildIndependentTargetsInParallel = 1;
				LastSwiftUpdateCheck = 1410;
				LastUpgradeCheck = 1410;
				TargetAttributes = {
					D0C7A217298E54840031D2D3 = {
						CreatedOnToolsVersion = 14.1;
					};
					D0C7A227298E54860031D2D3 = {
						CreatedOnToolsVersion = 14.1;
						TestTargetID = D0C7A217298E54840031D2D3;
					};
					D0C7A231298E54860031D2D3 = {
						CreatedOnToolsVersion = 14.1;
						TestTargetID = D0C7A217298E54840031D2D3;
					};
				};
			};
			buildConfigurationList = D0C7A213298E54840031D2D3 /* Build configuration list for PBXProject "WeatherRecorder" */;
			compatibilityVersion = "Xcode 14.0";
			developmentRegion = en;
			hasScannedForEncodings = 0;
			knownRegions = (
				en,
				Base,
			);
			mainGroup = D0C7A20F298E54840031D2D3;
			productRefGroup = D0C7A219298E54840031D2D3 /* Products */;
			projectDirPath = "";
			projectRoot = "";
			targets = (
				D0C7A217298E54840031D2D3 /* WeatherRecorder */,
				D0C7A227298E54860031D2D3 /* WeatherRecorderTests */,
				D0C7A231298E54860031D2D3 /* WeatherRecorderUITests */,
			);
		};
/* End PBXProject section */

/* Begin PBXResourcesBuildPhase section */
		D0C7A216298E54840031D2D3 /* Resources */ = {
			isa = PBXResourcesBuildPhase;
			buildActionMask = 2147483647;
			files = (
				D0C7A223298E54860031D2D3 /* Preview Assets.xcassets in Resources */,
				D0C7A220298E54860031D2D3 /* Assets.xcassets in Resources */,
			);
			runOnlyForDeploymentPostprocessing = 0;
		};
		D0C7A226298E54860031D2D3 /* Resources */ = {
			isa = PBXResourcesBuildPhase;
			buildActionMask = 2147483647;
			files = (
			);
			runOnlyForDeploymentPostprocessing = 0;
		};
		D0C7A230298E54860031D2D3 /* Resources */ = {
			isa = PBXResourcesBuildPhase;
			buildActionMask = 2147483647;
			files = (
			);
			runOnlyForDeploymentPostprocessing = 0;
		};
/* End PBXResourcesBuildPhase section */

/* Begin PBXSourcesBuildPhase section */
		D0C7A214298E54840031D2D3 /* Sources */ = {
			isa = PBXSourcesBuildPhase;
			buildActionMask = 2147483647;
			files = (
				D0C7A249298E57DB0031D2D3 /* LoginView.swift in Sources */,
				D009F07A29B0E00F00D6CC1D /* WeatherViewModel.swift in Sources */,
				D0C7A24D298E58980031D2D3 /* IconView.swift in Sources */,
				D0C7A21E298E54840031D2D3 /* ContentView.swift in Sources */,
				D009F06B29B0D9A500D6CC1D /* ResponseEntityProtocol.swift in Sources */,
				D009F06F29B0DAB400D6CC1D /* WeatherResponseEntity.swift in Sources */,
				D009F06229B0D5DC00D6CC1D /* WeatherView.swift in Sources */,
				D0A82B92298E5DD000D89D21 /* LoginViewModel.swift in Sources */,
				D009F06529B0D74800D6CC1D /* GetSeoulWeatherInfoRepository.swift in Sources */,
				D009F07829B0DFBA00D6CC1D /* GetSeoulWeatherInfoUseCase.swift in Sources */,
				D009F06729B0D94A00D6CC1D /* APIRequest.swift in Sources */,
				D0C7A21C298E54840031D2D3 /* WeatherRecorderApp.swift in Sources */,
				D009F07629B0DF7400D6CC1D /* GetSeoulWeatherInfoRepositoryProtocol.swift in Sources */,
			);
			runOnlyForDeploymentPostprocessing = 0;
		};
		D0C7A224298E54860031D2D3 /* Sources */ = {
			isa = PBXSourcesBuildPhase;
			buildActionMask = 2147483647;
			files = (
				D0C7A22D298E54860031D2D3 /* WeatherRecorderTests.swift in Sources */,
			);
			runOnlyForDeploymentPostprocessing = 0;
		};
		D0C7A22E298E54860031D2D3 /* Sources */ = {
			isa = PBXSourcesBuildPhase;
			buildActionMask = 2147483647;
			files = (
				D0C7A237298E54860031D2D3 /* WeatherRecorderUITests.swift in Sources */,
				D0C7A239298E54860031D2D3 /* WeatherRecorderUITestsLaunchTests.swift in Sources */,
			);
			runOnlyForDeploymentPostprocessing = 0;
		};
/* End PBXSourcesBuildPhase section */

/* Begin PBXTargetDependency section */
		D0C7A22A298E54860031D2D3 /* PBXTargetDependency */ = {
			isa = PBXTargetDependency;
			target = D0C7A217298E54840031D2D3 /* WeatherRecorder */;
			targetProxy = D0C7A229298E54860031D2D3 /* PBXContainerItemProxy */;
		};
		D0C7A234298E54860031D2D3 /* PBXTargetDependency */ = {
			isa = PBXTargetDependency;
			target = D0C7A217298E54840031D2D3 /* WeatherRecorder */;
			targetProxy = D0C7A233298E54860031D2D3 /* PBXContainerItemProxy */;
		};
/* End PBXTargetDependency section */

/* Begin XCBuildConfiguration section */
		D0C7A23A298E54860031D2D3 /* Debug */ = {
			isa = XCBuildConfiguration;
			buildSettings = {
				ALWAYS_SEARCH_USER_PATHS = NO;
				CLANG_ANALYZER_NONNULL = YES;
				CLANG_ANALYZER_NUMBER_OBJECT_CONVERSION = YES_AGGRESSIVE;
				CLANG_CXX_LANGUAGE_STANDARD = "gnu++20";
				CLANG_ENABLE_MODULES = YES;
				CLANG_ENABLE_OBJC_ARC = YES;
				CLANG_ENABLE_OBJC_WEAK = YES;
				CLANG_WARN_BLOCK_CAPTURE_AUTORELEASING = YES;
				CLANG_WARN_BOOL_CONVERSION = YES;
				CLANG_WARN_COMMA = YES;
				CLANG_WARN_CONSTANT_CONVERSION = YES;
				CLANG_WARN_DEPRECATED_OBJC_IMPLEMENTATIONS = YES;
				CLANG_WARN_DIRECT_OBJC_ISA_USAGE = YES_ERROR;
				CLANG_WARN_DOCUMENTATION_COMMENTS = YES;
				CLANG_WARN_EMPTY_BODY = YES;
				CLANG_WARN_ENUM_CONVERSION = YES;
				CLANG_WARN_INFINITE_RECURSION = YES;
				CLANG_WARN_INT_CONVERSION = YES;
				CLANG_WARN_NON_LITERAL_NULL_CONVERSION = YES;
				CLANG_WARN_OBJC_IMPLICIT_RETAIN_SELF = YES;
				CLANG_WARN_OBJC_LITERAL_CONVERSION = YES;
				CLANG_WARN_OBJC_ROOT_CLASS = YES_ERROR;
				CLANG_WARN_QUOTED_INCLUDE_IN_FRAMEWORK_HEADER = YES;
				CLANG_WARN_RANGE_LOOP_ANALYSIS = YES;
				CLANG_WARN_STRICT_PROTOTYPES = YES;
				CLANG_WARN_SUSPICIOUS_MOVE = YES;
				CLANG_WARN_UNGUARDED_AVAILABILITY = YES_AGGRESSIVE;
				CLANG_WARN_UNREACHABLE_CODE = YES;
				CLANG_WARN__DUPLICATE_METHOD_MATCH = YES;
				COPY_PHASE_STRIP = NO;
				DEBUG_INFORMATION_FORMAT = dwarf;
				ENABLE_STRICT_OBJC_MSGSEND = YES;
				ENABLE_TESTABILITY = YES;
				GCC_C_LANGUAGE_STANDARD = gnu11;
				GCC_DYNAMIC_NO_PIC = NO;
				GCC_NO_COMMON_BLOCKS = YES;
				GCC_OPTIMIZATION_LEVEL = 0;
				GCC_PREPROCESSOR_DEFINITIONS = (
					"DEBUG=1",
					"$(inherited)",
				);
				GCC_WARN_64_TO_32_BIT_CONVERSION = YES;
				GCC_WARN_ABOUT_RETURN_TYPE = YES_ERROR;
				GCC_WARN_UNDECLARED_SELECTOR = YES;
				GCC_WARN_UNINITIALIZED_AUTOS = YES_AGGRESSIVE;
				GCC_WARN_UNUSED_FUNCTION = YES;
				GCC_WARN_UNUSED_VARIABLE = YES;
				IPHONEOS_DEPLOYMENT_TARGET = 16.1;
				MTL_ENABLE_DEBUG_INFO = INCLUDE_SOURCE;
				MTL_FAST_MATH = YES;
				ONLY_ACTIVE_ARCH = YES;
				SDKROOT = iphoneos;
				SWIFT_ACTIVE_COMPILATION_CONDITIONS = DEBUG;
				SWIFT_OPTIMIZATION_LEVEL = "-Onone";
			};
			name = Debug;
		};
		D0C7A23B298E54860031D2D3 /* Release */ = {
			isa = XCBuildConfiguration;
			buildSettings = {
				ALWAYS_SEARCH_USER_PATHS = NO;
				CLANG_ANALYZER_NONNULL = YES;
				CLANG_ANALYZER_NUMBER_OBJECT_CONVERSION = YES_AGGRESSIVE;
				CLANG_CXX_LANGUAGE_STANDARD = "gnu++20";
				CLANG_ENABLE_MODULES = YES;
				CLANG_ENABLE_OBJC_ARC = YES;
				CLANG_ENABLE_OBJC_WEAK = YES;
				CLANG_WARN_BLOCK_CAPTURE_AUTORELEASING = YES;
				CLANG_WARN_BOOL_CONVERSION = YES;
				CLANG_WARN_COMMA = YES;
				CLANG_WARN_CONSTANT_CONVERSION = YES;
				CLANG_WARN_DEPRECATED_OBJC_IMPLEMENTATIONS = YES;
				CLANG_WARN_DIRECT_OBJC_ISA_USAGE = YES_ERROR;
				CLANG_WARN_DOCUMENTATION_COMMENTS = YES;
				CLANG_WARN_EMPTY_BODY = YES;
				CLANG_WARN_ENUM_CONVERSION = YES;
				CLANG_WARN_INFINITE_RECURSION = YES;
				CLANG_WARN_INT_CONVERSION = YES;
				CLANG_WARN_NON_LITERAL_NULL_CONVERSION = YES;
				CLANG_WARN_OBJC_IMPLICIT_RETAIN_SELF = YES;
				CLANG_WARN_OBJC_LITERAL_CONVERSION = YES;
				CLANG_WARN_OBJC_ROOT_CLASS = YES_ERROR;
				CLANG_WARN_QUOTED_INCLUDE_IN_FRAMEWORK_HEADER = YES;
				CLANG_WARN_RANGE_LOOP_ANALYSIS = YES;
				CLANG_WARN_STRICT_PROTOTYPES = YES;
				CLANG_WARN_SUSPICIOUS_MOVE = YES;
				CLANG_WARN_UNGUARDED_AVAILABILITY = YES_AGGRESSIVE;
				CLANG_WARN_UNREACHABLE_CODE = YES;
				CLANG_WARN__DUPLICATE_METHOD_MATCH = YES;
				COPY_PHASE_STRIP = NO;
				DEBUG_INFORMATION_FORMAT = "dwarf-with-dsym";
				ENABLE_NS_ASSERTIONS = NO;
				ENABLE_STRICT_OBJC_MSGSEND = YES;
				GCC_C_LANGUAGE_STANDARD = gnu11;
				GCC_NO_COMMON_BLOCKS = YES;
				GCC_WARN_64_TO_32_BIT_CONVERSION = YES;
				GCC_WARN_ABOUT_RETURN_TYPE = YES_ERROR;
				GCC_WARN_UNDECLARED_SELECTOR = YES;
				GCC_WARN_UNINITIALIZED_AUTOS = YES_AGGRESSIVE;
				GCC_WARN_UNUSED_FUNCTION = YES;
				GCC_WARN_UNUSED_VARIABLE = YES;
				IPHONEOS_DEPLOYMENT_TARGET = 16.1;
				MTL_ENABLE_DEBUG_INFO = NO;
				MTL_FAST_MATH = YES;
				SDKROOT = iphoneos;
				SWIFT_COMPILATION_MODE = wholemodule;
				SWIFT_OPTIMIZATION_LEVEL = "-O";
				VALIDATE_PRODUCT = YES;
			};
			name = Release;
		};
		D0C7A23D298E54860031D2D3 /* Debug */ = {
			isa = XCBuildConfiguration;
			buildSettings = {
				ASSETCATALOG_COMPILER_APPICON_NAME = AppIcon;
				ASSETCATALOG_COMPILER_GLOBAL_ACCENT_COLOR_NAME = AccentColor;
				CODE_SIGN_STYLE = Automatic;
				CURRENT_PROJECT_VERSION = 1;
				DEVELOPMENT_ASSET_PATHS = "\"WeatherRecorder/Preview Content\"";
				DEVELOPMENT_TEAM = LTM3A2DW9P;
				ENABLE_PREVIEWS = YES;
				GENERATE_INFOPLIST_FILE = YES;
				INFOPLIST_KEY_UIApplicationSceneManifest_Generation = YES;
				INFOPLIST_KEY_UIApplicationSupportsIndirectInputEvents = YES;
				INFOPLIST_KEY_UILaunchScreen_Generation = YES;
				INFOPLIST_KEY_UISupportedInterfaceOrientations_iPad = "UIInterfaceOrientationPortrait UIInterfaceOrientationPortraitUpsideDown UIInterfaceOrientationLandscapeLeft UIInterfaceOrientationLandscapeRight";
				INFOPLIST_KEY_UISupportedInterfaceOrientations_iPhone = "UIInterfaceOrientationPortrait UIInterfaceOrientationLandscapeLeft UIInterfaceOrientationLandscapeRight";
				LD_RUNPATH_SEARCH_PATHS = (
					"$(inherited)",
					"@executable_path/Frameworks",
				);
				MARKETING_VERSION = 1.0;
				PRODUCT_BUNDLE_IDENTIFIER = Toy.WeatherRecorder;
				PRODUCT_NAME = "$(TARGET_NAME)";
				SWIFT_EMIT_LOC_STRINGS = YES;
				SWIFT_VERSION = 5.0;
				TARGETED_DEVICE_FAMILY = "1,2";
			};
			name = Debug;
		};
		D0C7A23E298E54860031D2D3 /* Release */ = {
			isa = XCBuildConfiguration;
			buildSettings = {
				ASSETCATALOG_COMPILER_APPICON_NAME = AppIcon;
				ASSETCATALOG_COMPILER_GLOBAL_ACCENT_COLOR_NAME = AccentColor;
				CODE_SIGN_STYLE = Automatic;
				CURRENT_PROJECT_VERSION = 1;
				DEVELOPMENT_ASSET_PATHS = "\"WeatherRecorder/Preview Content\"";
				DEVELOPMENT_TEAM = LTM3A2DW9P;
				ENABLE_PREVIEWS = YES;
				GENERATE_INFOPLIST_FILE = YES;
				INFOPLIST_KEY_UIApplicationSceneManifest_Generation = YES;
				INFOPLIST_KEY_UIApplicationSupportsIndirectInputEvents = YES;
				INFOPLIST_KEY_UILaunchScreen_Generation = YES;
				INFOPLIST_KEY_UISupportedInterfaceOrientations_iPad = "UIInterfaceOrientationPortrait UIInterfaceOrientationPortraitUpsideDown UIInterfaceOrientationLandscapeLeft UIInterfaceOrientationLandscapeRight";
				INFOPLIST_KEY_UISupportedInterfaceOrientations_iPhone = "UIInterfaceOrientationPortrait UIInterfaceOrientationLandscapeLeft UIInterfaceOrientationLandscapeRight";
				LD_RUNPATH_SEARCH_PATHS = (
					"$(inherited)",
					"@executable_path/Frameworks",
				);
				MARKETING_VERSION = 1.0;
				PRODUCT_BUNDLE_IDENTIFIER = Toy.WeatherRecorder;
				PRODUCT_NAME = "$(TARGET_NAME)";
				SWIFT_EMIT_LOC_STRINGS = YES;
				SWIFT_VERSION = 5.0;
				TARGETED_DEVICE_FAMILY = "1,2";
			};
			name = Release;
		};
		D0C7A240298E54860031D2D3 /* Debug */ = {
			isa = XCBuildConfiguration;
			buildSettings = {
				ALWAYS_EMBED_SWIFT_STANDARD_LIBRARIES = YES;
				BUNDLE_LOADER = "$(TEST_HOST)";
				CODE_SIGN_STYLE = Automatic;
				CURRENT_PROJECT_VERSION = 1;
				DEVELOPMENT_TEAM = LTM3A2DW9P;
				GENERATE_INFOPLIST_FILE = YES;
				IPHONEOS_DEPLOYMENT_TARGET = 16.1;
				MARKETING_VERSION = 1.0;
				PRODUCT_BUNDLE_IDENTIFIER = Toy.WeatherRecorderTests;
				PRODUCT_NAME = "$(TARGET_NAME)";
				SWIFT_EMIT_LOC_STRINGS = NO;
				SWIFT_VERSION = 5.0;
				TARGETED_DEVICE_FAMILY = "1,2";
				TEST_HOST = "$(BUILT_PRODUCTS_DIR)/WeatherRecorder.app/$(BUNDLE_EXECUTABLE_FOLDER_PATH)/WeatherRecorder";
			};
			name = Debug;
		};
		D0C7A241298E54860031D2D3 /* Release */ = {
			isa = XCBuildConfiguration;
			buildSettings = {
				ALWAYS_EMBED_SWIFT_STANDARD_LIBRARIES = YES;
				BUNDLE_LOADER = "$(TEST_HOST)";
				CODE_SIGN_STYLE = Automatic;
				CURRENT_PROJECT_VERSION = 1;
				DEVELOPMENT_TEAM = LTM3A2DW9P;
				GENERATE_INFOPLIST_FILE = YES;
				IPHONEOS_DEPLOYMENT_TARGET = 16.1;
				MARKETING_VERSION = 1.0;
				PRODUCT_BUNDLE_IDENTIFIER = Toy.WeatherRecorderTests;
				PRODUCT_NAME = "$(TARGET_NAME)";
				SWIFT_EMIT_LOC_STRINGS = NO;
				SWIFT_VERSION = 5.0;
				TARGETED_DEVICE_FAMILY = "1,2";
				TEST_HOST = "$(BUILT_PRODUCTS_DIR)/WeatherRecorder.app/$(BUNDLE_EXECUTABLE_FOLDER_PATH)/WeatherRecorder";
			};
			name = Release;
		};
		D0C7A243298E54860031D2D3 /* Debug */ = {
			isa = XCBuildConfiguration;
			buildSettings = {
				ALWAYS_EMBED_SWIFT_STANDARD_LIBRARIES = YES;
				CODE_SIGN_STYLE = Automatic;
				CURRENT_PROJECT_VERSION = 1;
				DEVELOPMENT_TEAM = LTM3A2DW9P;
				GENERATE_INFOPLIST_FILE = YES;
				MARKETING_VERSION = 1.0;
				PRODUCT_BUNDLE_IDENTIFIER = Toy.WeatherRecorderUITests;
				PRODUCT_NAME = "$(TARGET_NAME)";
				SWIFT_EMIT_LOC_STRINGS = NO;
				SWIFT_VERSION = 5.0;
				TARGETED_DEVICE_FAMILY = "1,2";
				TEST_TARGET_NAME = WeatherRecorder;
			};
			name = Debug;
		};
		D0C7A244298E54860031D2D3 /* Release */ = {
			isa = XCBuildConfiguration;
			buildSettings = {
				ALWAYS_EMBED_SWIFT_STANDARD_LIBRARIES = YES;
				CODE_SIGN_STYLE = Automatic;
				CURRENT_PROJECT_VERSION = 1;
				DEVELOPMENT_TEAM = LTM3A2DW9P;
				GENERATE_INFOPLIST_FILE = YES;
				MARKETING_VERSION = 1.0;
				PRODUCT_BUNDLE_IDENTIFIER = Toy.WeatherRecorderUITests;
				PRODUCT_NAME = "$(TARGET_NAME)";
				SWIFT_EMIT_LOC_STRINGS = NO;
				SWIFT_VERSION = 5.0;
				TARGETED_DEVICE_FAMILY = "1,2";
				TEST_TARGET_NAME = WeatherRecorder;
			};
			name = Release;
		};
/* End XCBuildConfiguration section */

/* Begin XCConfigurationList section */
		D0C7A213298E54840031D2D3 /* Build configuration list for PBXProject "WeatherRecorder" */ = {
			isa = XCConfigurationList;
			buildConfigurations = (
				D0C7A23A298E54860031D2D3 /* Debug */,
				D0C7A23B298E54860031D2D3 /* Release */,
			);
			defaultConfigurationIsVisible = 0;
			defaultConfigurationName = Release;
		};
		D0C7A23C298E54860031D2D3 /* Build configuration list for PBXNativeTarget "WeatherRecorder" */ = {
			isa = XCConfigurationList;
			buildConfigurations = (
				D0C7A23D298E54860031D2D3 /* Debug */,
				D0C7A23E298E54860031D2D3 /* Release */,
			);
			defaultConfigurationIsVisible = 0;
			defaultConfigurationName = Release;
		};
		D0C7A23F298E54860031D2D3 /* Build configuration list for PBXNativeTarget "WeatherRecorderTests" */ = {
			isa = XCConfigurationList;
			buildConfigurations = (
				D0C7A240298E54860031D2D3 /* Debug */,
				D0C7A241298E54860031D2D3 /* Release */,
			);
			defaultConfigurationIsVisible = 0;
			defaultConfigurationName = Release;
		};
		D0C7A242298E54860031D2D3 /* Build configuration list for PBXNativeTarget "WeatherRecorderUITests" */ = {
			isa = XCConfigurationList;
			buildConfigurations = (
				D0C7A243298E54860031D2D3 /* Debug */,
				D0C7A244298E54860031D2D3 /* Release */,
			);
			defaultConfigurationIsVisible = 0;
			defaultConfigurationName = Release;
		};
/* End XCConfigurationList section */
	};
	rootObject = D0C7A210298E54840031D2D3 /* Project object */;
}
